// !$*UTF8*$!
{
	archiveVersion = 1;
	classes = {
	};
	objectVersion = 56;
	objects = {

/* Begin PBXBuildFile section */
		7B41D4555C41E09AAD8C36EF /* Pods_ChaknorisQuotes.framework in Frameworks */ = {isa = PBXBuildFile; fileRef = 77BB7FA9B401AE66152F5392 /* Pods_ChaknorisQuotes.framework */; };
		CE9E1A712BE3BF7600D1FD5A /* AppDelegate.swift in Sources */ = {isa = PBXBuildFile; fileRef = CE9E1A702BE3BF7600D1FD5A /* AppDelegate.swift */; };
		CE9E1A732BE3BF7600D1FD5A /* SceneDelegate.swift in Sources */ = {isa = PBXBuildFile; fileRef = CE9E1A722BE3BF7600D1FD5A /* SceneDelegate.swift */; };
		CE9E1A752BE3BF7600D1FD5A /* AllQuoteViewController.swift in Sources */ = {isa = PBXBuildFile; fileRef = CE9E1A742BE3BF7600D1FD5A /* AllQuoteViewController.swift */; };
		CE9E1A7A2BE3BF7800D1FD5A /* Assets.xcassets in Resources */ = {isa = PBXBuildFile; fileRef = CE9E1A792BE3BF7800D1FD5A /* Assets.xcassets */; };
		CE9E1A7D2BE3BF7800D1FD5A /* LaunchScreen.storyboard in Resources */ = {isa = PBXBuildFile; fileRef = CE9E1A7B2BE3BF7800D1FD5A /* LaunchScreen.storyboard */; };
		CE9E1A852BE3C02800D1FD5A /* CatalogDetailQuoteViewController.swift in Sources */ = {isa = PBXBuildFile; fileRef = CE9E1A842BE3C02800D1FD5A /* CatalogDetailQuoteViewController.swift */; };
		CE9E1A872BE3C05400D1FD5A /* CatalogQuoteViewController.swift in Sources */ = {isa = PBXBuildFile; fileRef = CE9E1A862BE3C05400D1FD5A /* CatalogQuoteViewController.swift */; };
		CE9E1A892BE3C08D00D1FD5A /* Extension.swift in Sources */ = {isa = PBXBuildFile; fileRef = CE9E1A882BE3C08D00D1FD5A /* Extension.swift */; };
		CE9E1A8B2BE3C0B500D1FD5A /* MainCoordinator.swift in Sources */ = {isa = PBXBuildFile; fileRef = CE9E1A8A2BE3C0B500D1FD5A /* MainCoordinator.swift */; };
		CE9E1A8D2BE3C0E200D1FD5A /* NetworkModel.swift in Sources */ = {isa = PBXBuildFile; fileRef = CE9E1A8C2BE3C0E200D1FD5A /* NetworkModel.swift */; };
		CE9E1A8F2BE3C10600D1FD5A /* NetworkService.swift in Sources */ = {isa = PBXBuildFile; fileRef = CE9E1A8E2BE3C10600D1FD5A /* NetworkService.swift */; };
		CE9E1A912BE3C12C00D1FD5A /* RandomQuoteViewController.swift in Sources */ = {isa = PBXBuildFile; fileRef = CE9E1A902BE3C12C00D1FD5A /* RandomQuoteViewController.swift */; };
		CE9E1A932BE3C16300D1FD5A /* RealmModel.swift in Sources */ = {isa = PBXBuildFile; fileRef = CE9E1A922BE3C16300D1FD5A /* RealmModel.swift */; };
		CE9E1A952BE3C18800D1FD5A /* RealmService.swift in Sources */ = {isa = PBXBuildFile; fileRef = CE9E1A942BE3C18800D1FD5A /* RealmService.swift */; };
/* End PBXBuildFile section */

/* Begin PBXFileReference section */
		09657F9F8B25A1AE6C74A72E /* Pods-ChaknorisQuotes.release.xcconfig */ = {isa = PBXFileReference; includeInIndex = 1; lastKnownFileType = text.xcconfig; name = "Pods-ChaknorisQuotes.release.xcconfig"; path = "Target Support Files/Pods-ChaknorisQuotes/Pods-ChaknorisQuotes.release.xcconfig"; sourceTree = "<group>"; };
		694B5C8AC4BEE9124576B7D6 /* Pods-ChaknorisQuotes.debug.xcconfig */ = {isa = PBXFileReference; includeInIndex = 1; lastKnownFileType = text.xcconfig; name = "Pods-ChaknorisQuotes.debug.xcconfig"; path = "Target Support Files/Pods-ChaknorisQuotes/Pods-ChaknorisQuotes.debug.xcconfig"; sourceTree = "<group>"; };
		77BB7FA9B401AE66152F5392 /* Pods_ChaknorisQuotes.framework */ = {isa = PBXFileReference; explicitFileType = wrapper.framework; includeInIndex = 0; path = Pods_ChaknorisQuotes.framework; sourceTree = BUILT_PRODUCTS_DIR; };
		CE9E1A6D2BE3BF7600D1FD5A /* ChaknorisQuotes.app */ = {isa = PBXFileReference; explicitFileType = wrapper.application; includeInIndex = 0; path = ChaknorisQuotes.app; sourceTree = BUILT_PRODUCTS_DIR; };
		CE9E1A702BE3BF7600D1FD5A /* AppDelegate.swift */ = {isa = PBXFileReference; lastKnownFileType = sourcecode.swift; path = AppDelegate.swift; sourceTree = "<group>"; };
		CE9E1A722BE3BF7600D1FD5A /* SceneDelegate.swift */ = {isa = PBXFileReference; lastKnownFileType = sourcecode.swift; path = SceneDelegate.swift; sourceTree = "<group>"; };
		CE9E1A742BE3BF7600D1FD5A /* AllQuoteViewController.swift */ = {isa = PBXFileReference; lastKnownFileType = sourcecode.swift; path = AllQuoteViewController.swift; sourceTree = "<group>"; };
		CE9E1A792BE3BF7800D1FD5A /* Assets.xcassets */ = {isa = PBXFileReference; lastKnownFileType = folder.assetcatalog; path = Assets.xcassets; sourceTree = "<group>"; };
		CE9E1A7C2BE3BF7800D1FD5A /* Base */ = {isa = PBXFileReference; lastKnownFileType = file.storyboard; name = Base; path = Base.lproj/LaunchScreen.storyboard; sourceTree = "<group>"; };
		CE9E1A7E2BE3BF7800D1FD5A /* Info.plist */ = {isa = PBXFileReference; lastKnownFileType = text.plist.xml; path = Info.plist; sourceTree = "<group>"; };
		CE9E1A842BE3C02800D1FD5A /* CatalogDetailQuoteViewController.swift */ = {isa = PBXFileReference; lastKnownFileType = sourcecode.swift; path = CatalogDetailQuoteViewController.swift; sourceTree = "<group>"; };
		CE9E1A862BE3C05400D1FD5A /* CatalogQuoteViewController.swift */ = {isa = PBXFileReference; lastKnownFileType = sourcecode.swift; path = CatalogQuoteViewController.swift; sourceTree = "<group>"; };
		CE9E1A882BE3C08D00D1FD5A /* Extension.swift */ = {isa = PBXFileReference; lastKnownFileType = sourcecode.swift; path = Extension.swift; sourceTree = "<group>"; };
		CE9E1A8A2BE3C0B500D1FD5A /* MainCoordinator.swift */ = {isa = PBXFileReference; lastKnownFileType = sourcecode.swift; path = MainCoordinator.swift; sourceTree = "<group>"; };
		CE9E1A8C2BE3C0E200D1FD5A /* NetworkModel.swift */ = {isa = PBXFileReference; lastKnownFileType = sourcecode.swift; path = NetworkModel.swift; sourceTree = "<group>"; };
		CE9E1A8E2BE3C10600D1FD5A /* NetworkService.swift */ = {isa = PBXFileReference; lastKnownFileType = sourcecode.swift; path = NetworkService.swift; sourceTree = "<group>"; };
		CE9E1A902BE3C12C00D1FD5A /* RandomQuoteViewController.swift */ = {isa = PBXFileReference; lastKnownFileType = sourcecode.swift; path = RandomQuoteViewController.swift; sourceTree = "<group>"; };
		CE9E1A922BE3C16300D1FD5A /* RealmModel.swift */ = {isa = PBXFileReference; lastKnownFileType = sourcecode.swift; path = RealmModel.swift; sourceTree = "<group>"; };
		CE9E1A942BE3C18800D1FD5A /* RealmService.swift */ = {isa = PBXFileReference; lastKnownFileType = sourcecode.swift; path = RealmService.swift; sourceTree = "<group>"; };
/* End PBXFileReference section */

/* Begin PBXFrameworksBuildPhase section */
		CE9E1A6A2BE3BF7600D1FD5A /* Frameworks */ = {
			isa = PBXFrameworksBuildPhase;
			buildActionMask = 2147483647;
			files = (
				7B41D4555C41E09AAD8C36EF /* Pods_ChaknorisQuotes.framework in Frameworks */,
			);
			runOnlyForDeploymentPostprocessing = 0;
		};
/* End PBXFrameworksBuildPhase section */

/* Begin PBXGroup section */
		5C7A5EB83B4612BF6D5E72C7 /* Frameworks */ = {
			isa = PBXGroup;
			children = (
				77BB7FA9B401AE66152F5392 /* Pods_ChaknorisQuotes.framework */,
			);
			name = Frameworks;
			sourceTree = "<group>";
		};
		5DF15F62929F0DC02D57A0EC /* Pods */ = {
			isa = PBXGroup;
			children = (
				694B5C8AC4BEE9124576B7D6 /* Pods-ChaknorisQuotes.debug.xcconfig */,
				09657F9F8B25A1AE6C74A72E /* Pods-ChaknorisQuotes.release.xcconfig */,
			);
			path = Pods;
			sourceTree = "<group>";
		};
		CE8D83422BE4271900A1C837 /* Controllers */ = {
			isa = PBXGroup;
			children = (
				CE9E1A842BE3C02800D1FD5A /* CatalogDetailQuoteViewController.swift */,
				CE9E1A742BE3BF7600D1FD5A /* AllQuoteViewController.swift */,
				CE9E1A902BE3C12C00D1FD5A /* RandomQuoteViewController.swift */,
				CE9E1A862BE3C05400D1FD5A /* CatalogQuoteViewController.swift */,
			);
			path = Controllers;
			sourceTree = "<group>";
		};
		CE8D83432BE4274F00A1C837 /* Model */ = {
			isa = PBXGroup;
			children = (
				CE8D83442BE4276800A1C837 /* Service */,
				CE9E1A922BE3C16300D1FD5A /* RealmModel.swift */,
				CE9E1A8C2BE3C0E200D1FD5A /* NetworkModel.swift */,
			);
			path = Model;
			sourceTree = "<group>";
		};
		CE8D83442BE4276800A1C837 /* Service */ = {
			isa = PBXGroup;
			children = (
				CE9E1A8E2BE3C10600D1FD5A /* NetworkService.swift */,
				CE9E1A942BE3C18800D1FD5A /* RealmService.swift */,
			);
			path = Service;
			sourceTree = "<group>";
		};
		CE9E1A642BE3BF7600D1FD5A = {
			isa = PBXGroup;
			children = (
				CE9E1A6F2BE3BF7600D1FD5A /* ChaknorisQuotes */,
				CE9E1A6E2BE3BF7600D1FD5A /* Products */,
				5DF15F62929F0DC02D57A0EC /* Pods */,
				5C7A5EB83B4612BF6D5E72C7 /* Frameworks */,
			);
			sourceTree = "<group>";
		};
		CE9E1A6E2BE3BF7600D1FD5A /* Products */ = {
			isa = PBXGroup;
			children = (
				CE9E1A6D2BE3BF7600D1FD5A /* ChaknorisQuotes.app */,
			);
			name = Products;
			sourceTree = "<group>";
		};
		CE9E1A6F2BE3BF7600D1FD5A /* ChaknorisQuotes */ = {
			isa = PBXGroup;
			children = (
				CE9E1A722BE3BF7600D1FD5A /* SceneDelegate.swift */,
				CE9E1A702BE3BF7600D1FD5A /* AppDelegate.swift */,
				CE9E1A882BE3C08D00D1FD5A /* Extension.swift */,
				CE9E1A8A2BE3C0B500D1FD5A /* MainCoordinator.swift */,
				CE8D83422BE4271900A1C837 /* Controllers */,
				CE8D83432BE4274F00A1C837 /* Model */,
				CE9E1A792BE3BF7800D1FD5A /* Assets.xcassets */,
				CE9E1A7B2BE3BF7800D1FD5A /* LaunchScreen.storyboard */,
				CE9E1A7E2BE3BF7800D1FD5A /* Info.plist */,
			);
			path = ChaknorisQuotes;
			sourceTree = "<group>";
		};
/* End PBXGroup section */

/* Begin PBXNativeTarget section */
		CE9E1A6C2BE3BF7600D1FD5A /* ChaknorisQuotes */ = {
			isa = PBXNativeTarget;
			buildConfigurationList = CE9E1A812BE3BF7800D1FD5A /* Build configuration list for PBXNativeTarget "ChaknorisQuotes" */;
			buildPhases = (
				70D81CFFF07E05E1AE479EDE /* [CP] Check Pods Manifest.lock */,
				CE9E1A692BE3BF7600D1FD5A /* Sources */,
				CE9E1A6A2BE3BF7600D1FD5A /* Frameworks */,
				CE9E1A6B2BE3BF7600D1FD5A /* Resources */,
				031282525F27A33718A60EF6 /* [CP] Embed Pods Frameworks */,
			);
			buildRules = (
			);
			dependencies = (
			);
			name = ChaknorisQuotes;
			productName = ChaknorisQuotes;
			productReference = CE9E1A6D2BE3BF7600D1FD5A /* ChaknorisQuotes.app */;
			productType = "com.apple.product-type.application";
		};
/* End PBXNativeTarget section */

/* Begin PBXProject section */
		CE9E1A652BE3BF7600D1FD5A /* Project object */ = {
			isa = PBXProject;
			attributes = {
				BuildIndependentTargetsInParallel = 1;
				LastSwiftUpdateCheck = 1400;
				LastUpgradeCheck = 1400;
				TargetAttributes = {
					CE9E1A6C2BE3BF7600D1FD5A = {
						CreatedOnToolsVersion = 14.0.1;
					};
				};
			};
			buildConfigurationList = CE9E1A682BE3BF7600D1FD5A /* Build configuration list for PBXProject "ChaknorisQuotes" */;
			compatibilityVersion = "Xcode 14.0";
			developmentRegion = en;
			hasScannedForEncodings = 0;
			knownRegions = (
				en,
				Base,
			);
			mainGroup = CE9E1A642BE3BF7600D1FD5A;
			productRefGroup = CE9E1A6E2BE3BF7600D1FD5A /* Products */;
			projectDirPath = "";
			projectRoot = "";
			targets = (
				CE9E1A6C2BE3BF7600D1FD5A /* ChaknorisQuotes */,
			);
		};
/* End PBXProject section */

/* Begin PBXResourcesBuildPhase section */
		CE9E1A6B2BE3BF7600D1FD5A /* Resources */ = {
			isa = PBXResourcesBuildPhase;
			buildActionMask = 2147483647;
			files = (
				CE9E1A7D2BE3BF7800D1FD5A /* LaunchScreen.storyboard in Resources */,
				CE9E1A7A2BE3BF7800D1FD5A /* Assets.xcassets in Resources */,
			);
			runOnlyForDeploymentPostprocessing = 0;
		};
/* End PBXResourcesBuildPhase section */

/* Begin PBXShellScriptBuildPhase section */
		031282525F27A33718A60EF6 /* [CP] Embed Pods Frameworks */ = {
			isa = PBXShellScriptBuildPhase;
			buildActionMask = 2147483647;
			files = (
			);
			inputFileListPaths = (
				"${PODS_ROOT}/Target Support Files/Pods-ChaknorisQuotes/Pods-ChaknorisQuotes-frameworks-${CONFIGURATION}-input-files.xcfilelist",
			);
			name = "[CP] Embed Pods Frameworks";
			outputFileListPaths = (
				"${PODS_ROOT}/Target Support Files/Pods-ChaknorisQuotes/Pods-ChaknorisQuotes-frameworks-${CONFIGURATION}-output-files.xcfilelist",
			);
			runOnlyForDeploymentPostprocessing = 0;
			shellPath = /bin/sh;
			shellScript = "\"${PODS_ROOT}/Target Support Files/Pods-ChaknorisQuotes/Pods-ChaknorisQuotes-frameworks.sh\"\n";
			showEnvVarsInLog = 0;
		};
		70D81CFFF07E05E1AE479EDE /* [CP] Check Pods Manifest.lock */ = {
			isa = PBXShellScriptBuildPhase;
			buildActionMask = 2147483647;
			files = (
			);
			inputFileListPaths = (
			);
			inputPaths = (
				"${PODS_PODFILE_DIR_PATH}/Podfile.lock",
				"${PODS_ROOT}/Manifest.lock",
			);
			name = "[CP] Check Pods Manifest.lock";
			outputFileListPaths = (
			);
			outputPaths = (
				"$(DERIVED_FILE_DIR)/Pods-ChaknorisQuotes-checkManifestLockResult.txt",
			);
			runOnlyForDeploymentPostprocessing = 0;
			shellPath = /bin/sh;
			shellScript = "diff \"${PODS_PODFILE_DIR_PATH}/Podfile.lock\" \"${PODS_ROOT}/Manifest.lock\" > /dev/null\nif [ $? != 0 ] ; then\n    # print error to STDERR\n    echo \"error: The sandbox is not in sync with the Podfile.lock. Run 'pod install' or update your CocoaPods installation.\" >&2\n    exit 1\nfi\n# This output is used by Xcode 'outputs' to avoid re-running this script phase.\necho \"SUCCESS\" > \"${SCRIPT_OUTPUT_FILE_0}\"\n";
			showEnvVarsInLog = 0;
		};
/* End PBXShellScriptBuildPhase section */

/* Begin PBXSourcesBuildPhase section */
		CE9E1A692BE3BF7600D1FD5A /* Sources */ = {
			isa = PBXSourcesBuildPhase;
			buildActionMask = 2147483647;
			files = (
				CE9E1A8D2BE3C0E200D1FD5A /* NetworkModel.swift in Sources */,
				CE9E1A852BE3C02800D1FD5A /* CatalogDetailQuoteViewController.swift in Sources */,
				CE9E1A8B2BE3C0B500D1FD5A /* MainCoordinator.swift in Sources */,
				CE9E1A932BE3C16300D1FD5A /* RealmModel.swift in Sources */,
				CE9E1A872BE3C05400D1FD5A /* CatalogQuoteViewController.swift in Sources */,
				CE9E1A912BE3C12C00D1FD5A /* RandomQuoteViewController.swift in Sources */,
				CE9E1A8F2BE3C10600D1FD5A /* NetworkService.swift in Sources */,
				CE9E1A952BE3C18800D1FD5A /* RealmService.swift in Sources */,
				CE9E1A752BE3BF7600D1FD5A /* AllQuoteViewController.swift in Sources */,
				CE9E1A892BE3C08D00D1FD5A /* Extension.swift in Sources */,
				CE9E1A712BE3BF7600D1FD5A /* AppDelegate.swift in Sources */,
				CE9E1A732BE3BF7600D1FD5A /* SceneDelegate.swift in Sources */,
			);
			runOnlyForDeploymentPostprocessing = 0;
		};
/* End PBXSourcesBuildPhase section */

/* Begin PBXVariantGroup section */
		CE9E1A7B2BE3BF7800D1FD5A /* LaunchScreen.storyboard */ = {
			isa = PBXVariantGroup;
			children = (
				CE9E1A7C2BE3BF7800D1FD5A /* Base */,
			);
			name = LaunchScreen.storyboard;
			sourceTree = "<group>";
		};
/* End PBXVariantGroup section */

/* Begin XCBuildConfiguration section */
		CE9E1A7F2BE3BF7800D1FD5A /* Debug */ = {
			isa = XCBuildConfiguration;
			buildSettings = {
				ALWAYS_SEARCH_USER_PATHS = NO;
				CLANG_ANALYZER_NONNULL = YES;
				CLANG_ANALYZER_NUMBER_OBJECT_CONVERSION = YES_AGGRESSIVE;
				CLANG_CXX_LANGUAGE_STANDARD = "gnu++20";
				CLANG_ENABLE_MODULES = YES;
				CLANG_ENABLE_OBJC_ARC = YES;
				CLANG_ENABLE_OBJC_WEAK = YES;
				CLANG_WARN_BLOCK_CAPTURE_AUTORELEASING = YES;
				CLANG_WARN_BOOL_CONVERSION = YES;
				CLANG_WARN_COMMA = YES;
				CLANG_WARN_CONSTANT_CONVERSION = YES;
				CLANG_WARN_DEPRECATED_OBJC_IMPLEMENTATIONS = YES;
				CLANG_WARN_DIRECT_OBJC_ISA_USAGE = YES_ERROR;
				CLANG_WARN_DOCUMENTATION_COMMENTS = YES;
				CLANG_WARN_EMPTY_BODY = YES;
				CLANG_WARN_ENUM_CONVERSION = YES;
				CLANG_WARN_INFINITE_RECURSION = YES;
				CLANG_WARN_INT_CONVERSION = YES;
				CLANG_WARN_NON_LITERAL_NULL_CONVERSION = YES;
				CLANG_WARN_OBJC_IMPLICIT_RETAIN_SELF = YES;
				CLANG_WARN_OBJC_LITERAL_CONVERSION = YES;
				CLANG_WARN_OBJC_ROOT_CLASS = YES_ERROR;
				CLANG_WARN_QUOTED_INCLUDE_IN_FRAMEWORK_HEADER = YES;
				CLANG_WARN_RANGE_LOOP_ANALYSIS = YES;
				CLANG_WARN_STRICT_PROTOTYPES = YES;
				CLANG_WARN_SUSPICIOUS_MOVE = YES;
				CLANG_WARN_UNGUARDED_AVAILABILITY = YES_AGGRESSIVE;
				CLANG_WARN_UNREACHABLE_CODE = YES;
				CLANG_WARN__DUPLICATE_METHOD_MATCH = YES;
				COPY_PHASE_STRIP = NO;
				DEBUG_INFORMATION_FORMAT = dwarf;
				ENABLE_STRICT_OBJC_MSGSEND = YES;
				ENABLE_TESTABILITY = YES;
				GCC_C_LANGUAGE_STANDARD = gnu11;
				GCC_DYNAMIC_NO_PIC = NO;
				GCC_NO_COMMON_BLOCKS = YES;
				GCC_OPTIMIZATION_LEVEL = 0;
				GCC_PREPROCESSOR_DEFINITIONS = (
					"DEBUG=1",
					"$(inherited)",
				);
				GCC_WARN_64_TO_32_BIT_CONVERSION = YES;
				GCC_WARN_ABOUT_RETURN_TYPE = YES_ERROR;
				GCC_WARN_UNDECLARED_SELECTOR = YES;
				GCC_WARN_UNINITIALIZED_AUTOS = YES_AGGRESSIVE;
				GCC_WARN_UNUSED_FUNCTION = YES;
				GCC_WARN_UNUSED_VARIABLE = YES;
				IPHONEOS_DEPLOYMENT_TARGET = 16.0;
				MTL_ENABLE_DEBUG_INFO = INCLUDE_SOURCE;
				MTL_FAST_MATH = YES;
				ONLY_ACTIVE_ARCH = YES;
				SDKROOT = iphoneos;
				SWIFT_ACTIVE_COMPILATION_CONDITIONS = DEBUG;
				SWIFT_OPTIMIZATION_LEVEL = "-Onone";
			};
			name = Debug;
		};
		CE9E1A802BE3BF7800D1FD5A /* Release */ = {
			isa = XCBuildConfiguration;
			buildSettings = {
				ALWAYS_SEARCH_USER_PATHS = NO;
				CLANG_ANALYZER_NONNULL = YES;
				CLANG_ANALYZER_NUMBER_OBJECT_CONVERSION = YES_AGGRESSIVE;
				CLANG_CXX_LANGUAGE_STANDARD = "gnu++20";
				CLANG_ENABLE_MODULES = YES;
				CLANG_ENABLE_OBJC_ARC = YES;
				CLANG_ENABLE_OBJC_WEAK = YES;
				CLANG_WARN_BLOCK_CAPTURE_AUTORELEASING = YES;
				CLANG_WARN_BOOL_CONVERSION = YES;
				CLANG_WARN_COMMA = YES;
				CLANG_WARN_CONSTANT_CONVERSION = YES;
				CLANG_WARN_DEPRECATED_OBJC_IMPLEMENTATIONS = YES;
				CLANG_WARN_DIRECT_OBJC_ISA_USAGE = YES_ERROR;
				CLANG_WARN_DOCUMENTATION_COMMENTS = YES;
				CLANG_WARN_EMPTY_BODY = YES;
				CLANG_WARN_ENUM_CONVERSION = YES;
				CLANG_WARN_INFINITE_RECURSION = YES;
				CLANG_WARN_INT_CONVERSION = YES;
				CLANG_WARN_NON_LITERAL_NULL_CONVERSION = YES;
				CLANG_WARN_OBJC_IMPLICIT_RETAIN_SELF = YES;
				CLANG_WARN_OBJC_LITERAL_CONVERSION = YES;
				CLANG_WARN_OBJC_ROOT_CLASS = YES_ERROR;
				CLANG_WARN_QUOTED_INCLUDE_IN_FRAMEWORK_HEADER = YES;
				CLANG_WARN_RANGE_LOOP_ANALYSIS = YES;
				CLANG_WARN_STRICT_PROTOTYPES = YES;
				CLANG_WARN_SUSPICIOUS_MOVE = YES;
				CLANG_WARN_UNGUARDED_AVAILABILITY = YES_AGGRESSIVE;
				CLANG_WARN_UNREACHABLE_CODE = YES;
				CLANG_WARN__DUPLICATE_METHOD_MATCH = YES;
				COPY_PHASE_STRIP = NO;
				DEBUG_INFORMATION_FORMAT = "dwarf-with-dsym";
				ENABLE_NS_ASSERTIONS = NO;
				ENABLE_STRICT_OBJC_MSGSEND = YES;
				GCC_C_LANGUAGE_STANDARD = gnu11;
				GCC_NO_COMMON_BLOCKS = YES;
				GCC_WARN_64_TO_32_BIT_CONVERSION = YES;
				GCC_WARN_ABOUT_RETURN_TYPE = YES_ERROR;
				GCC_WARN_UNDECLARED_SELECTOR = YES;
				GCC_WARN_UNINITIALIZED_AUTOS = YES_AGGRESSIVE;
				GCC_WARN_UNUSED_FUNCTION = YES;
				GCC_WARN_UNUSED_VARIABLE = YES;
				IPHONEOS_DEPLOYMENT_TARGET = 16.0;
				MTL_ENABLE_DEBUG_INFO = NO;
				MTL_FAST_MATH = YES;
				SDKROOT = iphoneos;
				SWIFT_COMPILATION_MODE = wholemodule;
				SWIFT_OPTIMIZATION_LEVEL = "-O";
				VALIDATE_PRODUCT = YES;
			};
			name = Release;
		};
		CE9E1A822BE3BF7800D1FD5A /* Debug */ = {
			isa = XCBuildConfiguration;
			baseConfigurationReference = 694B5C8AC4BEE9124576B7D6 /* Pods-ChaknorisQuotes.debug.xcconfig */;
			buildSettings = {
				ASSETCATALOG_COMPILER_APPICON_NAME = AppIcon;
				ASSETCATALOG_COMPILER_GLOBAL_ACCENT_COLOR_NAME = AccentColor;
				CODE_SIGN_STYLE = Automatic;
				CURRENT_PROJECT_VERSION = 1;
				GENERATE_INFOPLIST_FILE = YES;
				INFOPLIST_FILE = ChaknorisQuotes/Info.plist;
				INFOPLIST_KEY_UIApplicationSupportsIndirectInputEvents = YES;
				INFOPLIST_KEY_UILaunchStoryboardName = LaunchScreen;
				INFOPLIST_KEY_UISupportedInterfaceOrientations_iPad = "UIInterfaceOrientationPortrait UIInterfaceOrientationPortraitUpsideDown UIInterfaceOrientationLandscapeLeft UIInterfaceOrientationLandscapeRight";
				INFOPLIST_KEY_UISupportedInterfaceOrientations_iPhone = "UIInterfaceOrientationPortrait UIInterfaceOrientationLandscapeLeft UIInterfaceOrientationLandscapeRight";
				LD_RUNPATH_SEARCH_PATHS = (
					"$(inherited)",
					"@executable_path/Frameworks",
				);
				MARKETING_VERSION = 1.0;
				PRODUCT_BUNDLE_IDENTIFIER = "com.Netology-IB-Instruments.ChaknorisQuotes";
				PRODUCT_NAME = "$(TARGET_NAME)";
				SWIFT_EMIT_LOC_STRINGS = YES;
				SWIFT_VERSION = 5.0;
				TARGETED_DEVICE_FAMILY = "1,2";
			};
			name = Debug;
		};
		CE9E1A832BE3BF7800D1FD5A /* Release */ = {
			isa = XCBuildConfiguration;
			baseConfigurationReference = 09657F9F8B25A1AE6C74A72E /* Pods-ChaknorisQuotes.release.xcconfig */;
			buildSettings = {
				ASSETCATALOG_COMPILER_APPICON_NAME = AppIcon;
				ASSETCATALOG_COMPILER_GLOBAL_ACCENT_COLOR_NAME = AccentColor;
				CODE_SIGN_STYLE = Automatic;
				CURRENT_PROJECT_VERSION = 1;
				GENERATE_INFOPLIST_FILE = YES;
				INFOPLIST_FILE = ChaknorisQuotes/Info.plist;
				INFOPLIST_KEY_UIApplicationSupportsIndirectInputEvents = YES;
				INFOPLIST_KEY_UILaunchStoryboardName = LaunchScreen;
				INFOPLIST_KEY_UISupportedInterfaceOrientations_iPad = "UIInterfaceOrientationPortrait UIInterfaceOrientationPortraitUpsideDown UIInterfaceOrientationLandscapeLeft UIInterfaceOrientationLandscapeRight";
				INFOPLIST_KEY_UISupportedInterfaceOrientations_iPhone = "UIInterfaceOrientationPortrait UIInterfaceOrientationLandscapeLeft UIInterfaceOrientationLandscapeRight";
				LD_RUNPATH_SEARCH_PATHS = (
					"$(inherited)",
					"@executable_path/Frameworks",
				);
				MARKETING_VERSION = 1.0;
				PRODUCT_BUNDLE_IDENTIFIER = "com.Netology-IB-Instruments.ChaknorisQuotes";
				PRODUCT_NAME = "$(TARGET_NAME)";
				SWIFT_EMIT_LOC_STRINGS = YES;
				SWIFT_VERSION = 5.0;
				TARGETED_DEVICE_FAMILY = "1,2";
			};
			name = Release;
		};
/* End XCBuildConfiguration section */

/* Begin XCConfigurationList section */
		CE9E1A682BE3BF7600D1FD5A /* Build configuration list for PBXProject "ChaknorisQuotes" */ = {
			isa = XCConfigurationList;
			buildConfigurations = (
				CE9E1A7F2BE3BF7800D1FD5A /* Debug */,
				CE9E1A802BE3BF7800D1FD5A /* Release */,
			);
			defaultConfigurationIsVisible = 0;
			defaultConfigurationName = Release;
		};
		CE9E1A812BE3BF7800D1FD5A /* Build configuration list for PBXNativeTarget "ChaknorisQuotes" */ = {
			isa = XCConfigurationList;
			buildConfigurations = (
				CE9E1A822BE3BF7800D1FD5A /* Debug */,
				CE9E1A832BE3BF7800D1FD5A /* Release */,
			);
			defaultConfigurationIsVisible = 0;
			defaultConfigurationName = Release;
		};
/* End XCConfigurationList section */
	};
	rootObject = CE9E1A652BE3BF7600D1FD5A /* Project object */;
}
